
Microsoft Visual Studio Solution File, Format Version 12.00
# Visual Studio Version 17
VisualStudioVersion = 17.3.32819.101
MinimumVisualStudioVersion = 10.0.40219.1
Project("{8BC9CEB8-8B4A-11D0-8D11-00A0C91BC942}") = "лабараторна 4.2", "лабараторна 4.2\лабараторна 4.2.vcxproj", "{027634A2-0210-447C-ACEF-9DA205C1B98D}"
EndProject
Global
	GlobalSection(SolutionConfigurationPlatforms) = preSolution
		Debug|x64 = Debug|x64
		Debug|x86 = Debug|x86
		Release|x64 = Release|x64
		Release|x86 = Release|x86
	EndGlobalSection
	GlobalSection(ProjectConfigurationPlatforms) = postSolution
		{027634A2-0210-447C-ACEF-9DA205C1B98D}.Debug|x64.ActiveCfg = Debug|x64
		{027634A2-0210-447C-ACEF-9DA205C1B98D}.Debug|x64.Build.0 = Debug|x64
		{027634A2-0210-447C-ACEF-9DA205C1B98D}.Debug|x86.ActiveCfg = Debug|Win32
		{027634A2-0210-447C-ACEF-9DA205C1B98D}.Debug|x86.Build.0 = Debug|Win32
		{027634A2-0210-447C-ACEF-9DA205C1B98D}.Release|x64.ActiveCfg = Release|x64
		{027634A2-0210-447C-ACEF-9DA205C1B98D}.Release|x64.Build.0 = Release|x64
		{027634A2-0210-447C-ACEF-9DA205C1B98D}.Release|x86.ActiveCfg = Release|Win32
		{027634A2-0210-447C-ACEF-9DA205C1B98D}.Release|x86.Build.0 = Release|Win32
	EndGlobalSection
	GlobalSection(SolutionProperties) = preSolution
		HideSolutionNode = FALSE
	EndGlobalSection
	GlobalSection(ExtensibilityGlobals) = postSolution
		SolutionGuid = {9112DEBD-B486-41F0-9AE8-592C0D0AAC5E}
	EndGlobalSection
EndGlobal
